
Microsoft Visual Studio Solution File, Format Version 12.00
# Visual Studio 14
VisualStudioVersion = 14.0.25420.1
MinimumVisualStudioVersion = 10.0.40219.1
Project("{FAE04EC0-301F-11D3-BF4B-00C04F79EFBC}") = "Aint.Tests.Unit", "Aint.Tests.Unit\Aint.Tests.Unit.csproj", "{6D2E4D6B-3864-40C0-8970-C0AAB90D759D}"
EndProject
Project("{2150E333-8FDC-42A3-9474-1A3956D46DE8}") = "Tests", "Tests", "{2DFD6D8F-34CB-4123-910D-139AC60083F8}"
EndProject
Project("{FAE04EC0-301F-11D3-BF4B-00C04F79EFBC}") = "Aint.Domain", "Aint.Domain\Aint.Domain.csproj", "{6033CED0-609B-430A-BCA6-2273F810D81D}"
EndProject
Project("{2150E333-8FDC-42A3-9474-1A3956D46DE8}") = "Solution Items", "Solution Items", "{FF08CFB7-23F9-4C91-8B82-229BC420212F}"
	ProjectSection(SolutionItems) = preProject
		.gitattributes = .gitattributes
		.gitignore = .gitignore
		README.md = README.md
	EndProjectSection
EndProject
Global
	GlobalSection(SolutionConfigurationPlatforms) = preSolution
		Debug|Any CPU = Debug|Any CPU
		Release|Any CPU = Release|Any CPU
	EndGlobalSection
	GlobalSection(ProjectConfigurationPlatforms) = postSolution
		{6D2E4D6B-3864-40C0-8970-C0AAB90D759D}.Debug|Any CPU.ActiveCfg = Debug|Any CPU
		{6D2E4D6B-3864-40C0-8970-C0AAB90D759D}.Debug|Any CPU.Build.0 = Debug|Any CPU
		{6D2E4D6B-3864-40C0-8970-C0AAB90D759D}.Release|Any CPU.ActiveCfg = Release|Any CPU
		{6D2E4D6B-3864-40C0-8970-C0AAB90D759D}.Release|Any CPU.Build.0 = Release|Any CPU
		{6033CED0-609B-430A-BCA6-2273F810D81D}.Debug|Any CPU.ActiveCfg = Debug|Any CPU
		{6033CED0-609B-430A-BCA6-2273F810D81D}.Debug|Any CPU.Build.0 = Debug|Any CPU
		{6033CED0-609B-430A-BCA6-2273F810D81D}.Release|Any CPU.ActiveCfg = Release|Any CPU
		{6033CED0-609B-430A-BCA6-2273F810D81D}.Release|Any CPU.Build.0 = Release|Any CPU
	EndGlobalSection
	GlobalSection(SolutionProperties) = preSolution
		HideSolutionNode = FALSE
	EndGlobalSection
	GlobalSection(NestedProjects) = preSolution
		{6D2E4D6B-3864-40C0-8970-C0AAB90D759D} = {2DFD6D8F-34CB-4123-910D-139AC60083F8}
	EndGlobalSection
EndGlobal
